
Microsoft Visual Studio Solution File, Format Version 12.00
# Visual Studio Version 17
VisualStudioVersion = 17.7.34221.43
MinimumVisualStudioVersion = 10.0.40219.1
Project("{FAE04EC0-301F-11D3-BF4B-00C04F79EFBC}") = "DemoBackend.Entities", "DemoBackend.Entities\DemoBackend.Entities.csproj", "{956127BB-E7B0-4EE3-A5EF-47B0E5F35D8F}"
EndProject
Project("{FAE04EC0-301F-11D3-BF4B-00C04F79EFBC}") = "DemoBackend.DataAccess", "DemoBackend.DataAccess\DemoBackend.DataAccess.csproj", "{1E752047-46DC-4C25-9362-46D7EBF3D647}"
EndProject
Project("{FAE04EC0-301F-11D3-BF4B-00C04F79EFBC}") = "DemoBackend.Business", "DemoBackend.Business\DemoBackend.Business.csproj", "{38AF789C-16DD-4421-9794-41564490A79C}"
EndProject
Project("{FAE04EC0-301F-11D3-BF4B-00C04F79EFBC}") = "DemoBackend.Api", "DemoBackend.Api\DemoBackend.Api.csproj", "{96BD70C3-A2C8-457D-8E2A-4A287A57DB31}"
EndProject
Project("{FAE04EC0-301F-11D3-BF4B-00C04F79EFBC}") = "DemoBackend.Core", "DemoBackend.Core\DemoBackend.Core.csproj", "{1968D00A-9E14-4296-8E8D-E5DD77F586F7}"
EndProject
Global
	GlobalSection(SolutionConfigurationPlatforms) = preSolution
		Debug|Any CPU = Debug|Any CPU
		Release|Any CPU = Release|Any CPU
	EndGlobalSection
	GlobalSection(ProjectConfigurationPlatforms) = postSolution
		{956127BB-E7B0-4EE3-A5EF-47B0E5F35D8F}.Debug|Any CPU.ActiveCfg = Debug|Any CPU
		{956127BB-E7B0-4EE3-A5EF-47B0E5F35D8F}.Debug|Any CPU.Build.0 = Debug|Any CPU
		{956127BB-E7B0-4EE3-A5EF-47B0E5F35D8F}.Release|Any CPU.ActiveCfg = Release|Any CPU
		{956127BB-E7B0-4EE3-A5EF-47B0E5F35D8F}.Release|Any CPU.Build.0 = Release|Any CPU
		{1E752047-46DC-4C25-9362-46D7EBF3D647}.Debug|Any CPU.ActiveCfg = Debug|Any CPU
		{1E752047-46DC-4C25-9362-46D7EBF3D647}.Debug|Any CPU.Build.0 = Debug|Any CPU
		{1E752047-46DC-4C25-9362-46D7EBF3D647}.Release|Any CPU.ActiveCfg = Release|Any CPU
		{1E752047-46DC-4C25-9362-46D7EBF3D647}.Release|Any CPU.Build.0 = Release|Any CPU
		{38AF789C-16DD-4421-9794-41564490A79C}.Debug|Any CPU.ActiveCfg = Debug|Any CPU
		{38AF789C-16DD-4421-9794-41564490A79C}.Debug|Any CPU.Build.0 = Debug|Any CPU
		{38AF789C-16DD-4421-9794-41564490A79C}.Release|Any CPU.ActiveCfg = Release|Any CPU
		{38AF789C-16DD-4421-9794-41564490A79C}.Release|Any CPU.Build.0 = Release|Any CPU
		{96BD70C3-A2C8-457D-8E2A-4A287A57DB31}.Debug|Any CPU.ActiveCfg = Debug|Any CPU
		{96BD70C3-A2C8-457D-8E2A-4A287A57DB31}.Debug|Any CPU.Build.0 = Debug|Any CPU
		{96BD70C3-A2C8-457D-8E2A-4A287A57DB31}.Release|Any CPU.ActiveCfg = Release|Any CPU
		{96BD70C3-A2C8-457D-8E2A-4A287A57DB31}.Release|Any CPU.Build.0 = Release|Any CPU
		{1968D00A-9E14-4296-8E8D-E5DD77F586F7}.Debug|Any CPU.ActiveCfg = Debug|Any CPU
		{1968D00A-9E14-4296-8E8D-E5DD77F586F7}.Debug|Any CPU.Build.0 = Debug|Any CPU
		{1968D00A-9E14-4296-8E8D-E5DD77F586F7}.Release|Any CPU.ActiveCfg = Release|Any CPU
		{1968D00A-9E14-4296-8E8D-E5DD77F586F7}.Release|Any CPU.Build.0 = Release|Any CPU
	EndGlobalSection
	GlobalSection(SolutionProperties) = preSolution
		HideSolutionNode = FALSE
	EndGlobalSection
	GlobalSection(ExtensibilityGlobals) = postSolution
		SolutionGuid = {DDDEA101-C0DD-4716-ABCC-299B519EFB1F}
	EndGlobalSection
EndGlobal
